
Microsoft Visual Studio Solution File, Format Version 12.00
# Visual Studio Version 16
VisualStudioVersion = 16.0.29503.13
MinimumVisualStudioVersion = 10.0.40219.1
Project("{FAE04EC0-301F-11D3-BF4B-00C04F79EFBC}") = "WebApplication", "WebApplication\WebApplication.csproj", "{E77886DA-0D96-4CE9-AC71-A3CD6695F913}"
EndProject
Global
	GlobalSection(SolutionConfigurationPlatforms) = preSolution
		Debug|Any CPU = Debug|Any CPU
		Release|Any CPU = Release|Any CPU
	EndGlobalSection
	GlobalSection(ProjectConfigurationPlatforms) = postSolution
		{E77886DA-0D96-4CE9-AC71-A3CD6695F913}.Debug|Any CPU.ActiveCfg = Debug|Any CPU
		{E77886DA-0D96-4CE9-AC71-A3CD6695F913}.Debug|Any CPU.Build.0 = Debug|Any CPU
		{E77886DA-0D96-4CE9-AC71-A3CD6695F913}.Release|Any CPU.ActiveCfg = Release|Any CPU
		{E77886DA-0D96-4CE9-AC71-A3CD6695F913}.Release|Any CPU.Build.0 = Release|Any CPU
	EndGlobalSection
	GlobalSection(SolutionProperties) = preSolution
		HideSolutionNode = FALSE
	EndGlobalSection
	GlobalSection(ExtensibilityGlobals) = postSolution
		SolutionGuid = {80FC6160-2B4E-42F7-BC2A-4DB71FC904AC}
	EndGlobalSection
EndGlobal
